
Microsoft Visual Studio Solution File, Format Version 12.00
# Visual Studio Version 17
VisualStudioVersion = 17.3.32922.545
MinimumVisualStudioVersion = 10.0.40219.1
Project("{9A19103F-16F7-4668-BE54-9A1E7A4F7556}") = "Library", "Library\Library.csproj", "{8D261440-1740-4D4A-AF7A-36FB2D1F7DC9}"
EndProject
Project("{9A19103F-16F7-4668-BE54-9A1E7A4F7556}") = "FirstApp", "FirstApp\FirstApp.csproj", "{0F9BFB1E-13F3-434E-AB06-13E123F11A08}"
EndProject
Global
	GlobalSection(SolutionConfigurationPlatforms) = preSolution
		Debug|Any CPU = Debug|Any CPU
		Release|Any CPU = Release|Any CPU
	EndGlobalSection
	GlobalSection(ProjectConfigurationPlatforms) = postSolution
		{8D261440-1740-4D4A-AF7A-36FB2D1F7DC9}.Debug|Any CPU.ActiveCfg = Debug|Any CPU
		{8D261440-1740-4D4A-AF7A-36FB2D1F7DC9}.Debug|Any CPU.Build.0 = Debug|Any CPU
		{8D261440-1740-4D4A-AF7A-36FB2D1F7DC9}.Release|Any CPU.ActiveCfg = Release|Any CPU
		{8D261440-1740-4D4A-AF7A-36FB2D1F7DC9}.Release|Any CPU.Build.0 = Release|Any CPU
		{0F9BFB1E-13F3-434E-AB06-13E123F11A08}.Debug|Any CPU.ActiveCfg = Debug|Any CPU
		{0F9BFB1E-13F3-434E-AB06-13E123F11A08}.Debug|Any CPU.Build.0 = Debug|Any CPU
		{0F9BFB1E-13F3-434E-AB06-13E123F11A08}.Release|Any CPU.ActiveCfg = Release|Any CPU
		{0F9BFB1E-13F3-434E-AB06-13E123F11A08}.Release|Any CPU.Build.0 = Release|Any CPU
	EndGlobalSection
	GlobalSection(SolutionProperties) = preSolution
		HideSolutionNode = FALSE
	EndGlobalSection
	GlobalSection(ExtensibilityGlobals) = postSolution
		SolutionGuid = {85E95DF5-83CD-40EC-98F0-0BE8041E12D5}
	EndGlobalSection
EndGlobal
